
Microsoft Visual Studio Solution File, Format Version 12.00
# Visual Studio 15
VisualStudioVersion = 15.0.28307.1022
MinimumVisualStudioVersion = 10.0.40219.1
Project("{FAE04EC0-301F-11D3-BF4B-00C04F79EFBC}") = "DAShop", "DAShop\DAShop.csproj", "{2EC60013-79E6-4D18-B540-81305BEECD9C}"
EndProject
Global
	GlobalSection(SolutionConfigurationPlatforms) = preSolution
		Debug|Any CPU = Debug|Any CPU
		Release|Any CPU = Release|Any CPU
	EndGlobalSection
	GlobalSection(ProjectConfigurationPlatforms) = postSolution
		{2EC60013-79E6-4D18-B540-81305BEECD9C}.Debug|Any CPU.ActiveCfg = Debug|Any CPU
		{2EC60013-79E6-4D18-B540-81305BEECD9C}.Debug|Any CPU.Build.0 = Debug|Any CPU
		{2EC60013-79E6-4D18-B540-81305BEECD9C}.Release|Any CPU.ActiveCfg = Release|Any CPU
		{2EC60013-79E6-4D18-B540-81305BEECD9C}.Release|Any CPU.Build.0 = Release|Any CPU
	EndGlobalSection
	GlobalSection(SolutionProperties) = preSolution
		HideSolutionNode = FALSE
	EndGlobalSection
	GlobalSection(ExtensibilityGlobals) = postSolution
		SolutionGuid = {E9821DC2-AFCC-40BB-971F-A0693A5508E1}
	EndGlobalSection
EndGlobal
