
Microsoft Visual Studio Solution File, Format Version 12.00
# Visual Studio 15
VisualStudioVersion = 15.0.28307.1022
MinimumVisualStudioVersion = 10.0.40219.1
Project("{FAE04EC0-301F-11D3-BF4B-00C04F79EFBC}") = "DAShop", "DAShop\DAShop.csproj", "{2EC60013-79E6-4D18-B540-81305BEECD9C}"
EndProject
Project("{FAE04EC0-301F-11D3-BF4B-00C04F79EFBC}") = "DAShop.Application", "DAShop.Application\DAShop.Application.csproj", "{4CFA40ED-2F57-4F3B-B01A-F447F607636D}"
EndProject
Project("{FAE04EC0-301F-11D3-BF4B-00C04F79EFBC}") = "DAShop.Data.EF", "DAShop.Data.EF\DAShop.Data.EF.csproj", "{7376E948-5016-4369-BB0A-E7E8BA01ADF2}"
EndProject
Project("{FAE04EC0-301F-11D3-BF4B-00C04F79EFBC}") = "DAShop.Data", "DAShop.Data\DAShop.Data.csproj", "{E8716BBC-DD76-48B4-AE41-7118B73E5017}"
EndProject
Project("{FAE04EC0-301F-11D3-BF4B-00C04F79EFBC}") = "DAShop.Utilities", "DAShop.Utilities\DAShop.Utilities.csproj", "{D7012DCF-8F7D-4F2F-A2AA-1F8465BE1F09}"
EndProject
Project("{2150E333-8FDC-42A3-9474-1A3956D46DE8}") = "1-Presentation", "1-Presentation", "{E95E33A2-C3EA-45AF-AF89-16AF521300E8}"
EndProject
Project("{2150E333-8FDC-42A3-9474-1A3956D46DE8}") = "2-Application", "2-Application", "{2A79B0A7-04CC-4BDC-9837-B28898928775}"
EndProject
Project("{2150E333-8FDC-42A3-9474-1A3956D46DE8}") = "3-Domain", "3-Domain", "{BA9D29D1-A164-4472-9354-6E8D7533C699}"
EndProject
Project("{2150E333-8FDC-42A3-9474-1A3956D46DE8}") = "4-Infracstructure", "4-Infracstructure", "{B8883E38-4012-4D5E-A03E-8F31B9024B18}"
EndProject
Project("{FAE04EC0-301F-11D3-BF4B-00C04F79EFBC}") = "DAShop.Infracstucture", "DAShop.Infracstucture\DAShop.Infracstucture.csproj", "{C47928FB-E248-4B09-974E-4D0BD3CBBB73}"
EndProject
Global
	GlobalSection(SolutionConfigurationPlatforms) = preSolution
		Debug|Any CPU = Debug|Any CPU
		Release|Any CPU = Release|Any CPU
	EndGlobalSection
	GlobalSection(ProjectConfigurationPlatforms) = postSolution
		{2EC60013-79E6-4D18-B540-81305BEECD9C}.Debug|Any CPU.ActiveCfg = Debug|Any CPU
		{2EC60013-79E6-4D18-B540-81305BEECD9C}.Debug|Any CPU.Build.0 = Debug|Any CPU
		{2EC60013-79E6-4D18-B540-81305BEECD9C}.Release|Any CPU.ActiveCfg = Release|Any CPU
		{2EC60013-79E6-4D18-B540-81305BEECD9C}.Release|Any CPU.Build.0 = Release|Any CPU
		{4CFA40ED-2F57-4F3B-B01A-F447F607636D}.Debug|Any CPU.ActiveCfg = Debug|Any CPU
		{4CFA40ED-2F57-4F3B-B01A-F447F607636D}.Debug|Any CPU.Build.0 = Debug|Any CPU
		{4CFA40ED-2F57-4F3B-B01A-F447F607636D}.Release|Any CPU.ActiveCfg = Release|Any CPU
		{4CFA40ED-2F57-4F3B-B01A-F447F607636D}.Release|Any CPU.Build.0 = Release|Any CPU
		{7376E948-5016-4369-BB0A-E7E8BA01ADF2}.Debug|Any CPU.ActiveCfg = Debug|Any CPU
		{7376E948-5016-4369-BB0A-E7E8BA01ADF2}.Debug|Any CPU.Build.0 = Debug|Any CPU
		{7376E948-5016-4369-BB0A-E7E8BA01ADF2}.Release|Any CPU.ActiveCfg = Release|Any CPU
		{7376E948-5016-4369-BB0A-E7E8BA01ADF2}.Release|Any CPU.Build.0 = Release|Any CPU
		{E8716BBC-DD76-48B4-AE41-7118B73E5017}.Debug|Any CPU.ActiveCfg = Debug|Any CPU
		{E8716BBC-DD76-48B4-AE41-7118B73E5017}.Debug|Any CPU.Build.0 = Debug|Any CPU
		{E8716BBC-DD76-48B4-AE41-7118B73E5017}.Release|Any CPU.ActiveCfg = Release|Any CPU
		{E8716BBC-DD76-48B4-AE41-7118B73E5017}.Release|Any CPU.Build.0 = Release|Any CPU
		{D7012DCF-8F7D-4F2F-A2AA-1F8465BE1F09}.Debug|Any CPU.ActiveCfg = Debug|Any CPU
		{D7012DCF-8F7D-4F2F-A2AA-1F8465BE1F09}.Debug|Any CPU.Build.0 = Debug|Any CPU
		{D7012DCF-8F7D-4F2F-A2AA-1F8465BE1F09}.Release|Any CPU.ActiveCfg = Release|Any CPU
		{D7012DCF-8F7D-4F2F-A2AA-1F8465BE1F09}.Release|Any CPU.Build.0 = Release|Any CPU
		{C47928FB-E248-4B09-974E-4D0BD3CBBB73}.Debug|Any CPU.ActiveCfg = Debug|Any CPU
		{C47928FB-E248-4B09-974E-4D0BD3CBBB73}.Debug|Any CPU.Build.0 = Debug|Any CPU
		{C47928FB-E248-4B09-974E-4D0BD3CBBB73}.Release|Any CPU.ActiveCfg = Release|Any CPU
		{C47928FB-E248-4B09-974E-4D0BD3CBBB73}.Release|Any CPU.Build.0 = Release|Any CPU
	EndGlobalSection
	GlobalSection(SolutionProperties) = preSolution
		HideSolutionNode = FALSE
	EndGlobalSection
	GlobalSection(NestedProjects) = preSolution
		{2EC60013-79E6-4D18-B540-81305BEECD9C} = {E95E33A2-C3EA-45AF-AF89-16AF521300E8}
		{4CFA40ED-2F57-4F3B-B01A-F447F607636D} = {2A79B0A7-04CC-4BDC-9837-B28898928775}
		{7376E948-5016-4369-BB0A-E7E8BA01ADF2} = {BA9D29D1-A164-4472-9354-6E8D7533C699}
		{E8716BBC-DD76-48B4-AE41-7118B73E5017} = {BA9D29D1-A164-4472-9354-6E8D7533C699}
		{D7012DCF-8F7D-4F2F-A2AA-1F8465BE1F09} = {B8883E38-4012-4D5E-A03E-8F31B9024B18}
		{C47928FB-E248-4B09-974E-4D0BD3CBBB73} = {B8883E38-4012-4D5E-A03E-8F31B9024B18}
	EndGlobalSection
	GlobalSection(ExtensibilityGlobals) = postSolution
		SolutionGuid = {E9821DC2-AFCC-40BB-971F-A0693A5508E1}
	EndGlobalSection
EndGlobal
